
Microsoft Visual Studio Solution File, Format Version 12.00
# Visual Studio Version 17
VisualStudioVersion = 17.6.33815.320
MinimumVisualStudioVersion = 10.0.40219.1
Project("{FAE04EC0-301F-11D3-BF4B-00C04F79EFBC}") = "RecipeCreatorApp202306", "RecipeCreatorApp202306.csproj", "{387AE4AD-9A59-4044-8384-630FEDD6A4C7}"
EndProject
Global
	GlobalSection(SolutionConfigurationPlatforms) = preSolution
		Debug|Any CPU = Debug|Any CPU
		Release|Any CPU = Release|Any CPU
	EndGlobalSection
	GlobalSection(ProjectConfigurationPlatforms) = postSolution
		{387AE4AD-9A59-4044-8384-630FEDD6A4C7}.Debug|Any CPU.ActiveCfg = Debug|Any CPU
		{387AE4AD-9A59-4044-8384-630FEDD6A4C7}.Debug|Any CPU.Build.0 = Debug|Any CPU
		{387AE4AD-9A59-4044-8384-630FEDD6A4C7}.Release|Any CPU.ActiveCfg = Release|Any CPU
		{387AE4AD-9A59-4044-8384-630FEDD6A4C7}.Release|Any CPU.Build.0 = Release|Any CPU
	EndGlobalSection
	GlobalSection(SolutionProperties) = preSolution
		HideSolutionNode = FALSE
	EndGlobalSection
	GlobalSection(ExtensibilityGlobals) = postSolution
		SolutionGuid = {475EFB73-9266-49D0-A0B5-BBD06FECB141}
	EndGlobalSection
EndGlobal
